<?xml version="1.0" encoding="UTF-8" standalone="yes" ?>
<CodeBlocks_project_file>
	<FileVersion major="1" minor="6" />
	<Project>
		<Option title="NN" />
		<Option pch_mode="2" />
		<Option compiler="gcc" />
		<Build>
			<Target title="Debug">
				<Option output="bin/Debug/NN" prefix_auto="1" extension_auto="1" />
				<Option object_output="obj/Debug/" />
				<Option type="1" />
				<Option compiler="gcc" />
				<Compiler>
					<Add option="-g" />
					<Add directory="C:/TDM_GCC-64a/lib/gcc/x86_64-w64-mingw32/5.1.0/include" />
				</Compiler>
				<ResourceCompiler>
					<Add directory="C:/TDM_GCC-64a/lib/gcc/x86_64-w64-mingw32/5.1.0/include" />
				</ResourceCompiler>
				<Linker>
					<Add library="C:/TDM_GCC-64a/bin/libgomp-1.dll" />
					<Add directory="C:/TDM_GCC-64a/lib/gcc/x86_64-w64-mingw32/5.1.0/include" />
				</Linker>
			</Target>
			<Target title="Release">
				<Option output="bin/Release/NN" prefix_auto="1" extension_auto="1" />
				<Option object_output="obj/Release/" />
				<Option type="1" />
				<Option compiler="gcc" />
				<Compiler>
					<Add option="-O3" />
					<Add option="-ffast-math" />
				</Compiler>
			</Target>
		</Build>
		<Compiler>
			<Add option="-Wall" />
		</Compiler>
		<Unit filename="auxFun.c">
			<Option compilerVar="CC" />
		</Unit>
		<Unit filename="loadNN.c">
			<Option compilerVar="CC" />
		</Unit>
		<Unit filename="main.c">
			<Option compilerVar="CC" />
		</Unit>
		<Unit filename="net.c">
			<Option compilerVar="CC" />
		</Unit>
		<Unit filename="nnAuxFun.h" />
		<Extensions>
			<code_completion />
			<envvars />
			<debugger />
			<lib_finder disable_auto="1" />
		</Extensions>
	</Project>
</CodeBlocks_project_file>
